Microsoft Visual Studio Solution File, Format Version 12.00
# Visual Studio 2012
Project("{FAE04EC0-301F-11D3-BF4B-00C04F79EFBC}") = "pixelBasket", "pixelBasket.csproj", "{DD31F84A-0A5A-4EF8-885B-AE68BD9C0EC1}"
EndProject
Global
	GlobalSection(SolutionConfigurationPlatforms) = preSolution
	Debug|Any CPU = Debug|Any CPU
	ExportDebug|Any CPU = ExportDebug|Any CPU
	ExportRelease|Any CPU = ExportRelease|Any CPU
	EndGlobalSection
	GlobalSection(ProjectConfigurationPlatforms) = postSolution
		{DD31F84A-0A5A-4EF8-885B-AE68BD9C0EC1}.Debug|Any CPU.ActiveCfg = Debug|Any CPU
		{DD31F84A-0A5A-4EF8-885B-AE68BD9C0EC1}.Debug|Any CPU.Build.0 = Debug|Any CPU
		{DD31F84A-0A5A-4EF8-885B-AE68BD9C0EC1}.ExportDebug|Any CPU.ActiveCfg = ExportDebug|Any CPU
		{DD31F84A-0A5A-4EF8-885B-AE68BD9C0EC1}.ExportDebug|Any CPU.Build.0 = ExportDebug|Any CPU
		{DD31F84A-0A5A-4EF8-885B-AE68BD9C0EC1}.ExportRelease|Any CPU.ActiveCfg = ExportRelease|Any CPU
		{DD31F84A-0A5A-4EF8-885B-AE68BD9C0EC1}.ExportRelease|Any CPU.Build.0 = ExportRelease|Any CPU
	EndGlobalSection
EndGlobal
